
Microsoft Visual Studio Solution File, Format Version 12.00
# Visual Studio Version 17
VisualStudioVersion = 17.11.35208.52
MinimumVisualStudioVersion = 10.0.40219.1
Project("{FAE04EC0-301F-11D3-BF4B-00C04F79EFBC}") = "ITI_GraduationProject", "ITI_GraduationProject\ITI_GraduationProject.csproj", "{EC9DC091-5B19-4586-AF8F-BC3BA1B28B30}"
EndProject
Global
	GlobalSection(SolutionConfigurationPlatforms) = preSolution
		Debug|Any CPU = Debug|Any CPU
		Release|Any CPU = Release|Any CPU
	EndGlobalSection
	GlobalSection(ProjectConfigurationPlatforms) = postSolution
		{EC9DC091-5B19-4586-AF8F-BC3BA1B28B30}.Debug|Any CPU.ActiveCfg = Debug|Any CPU
		{EC9DC091-5B19-4586-AF8F-BC3BA1B28B30}.Debug|Any CPU.Build.0 = Debug|Any CPU
		{EC9DC091-5B19-4586-AF8F-BC3BA1B28B30}.Release|Any CPU.ActiveCfg = Release|Any CPU
		{EC9DC091-5B19-4586-AF8F-BC3BA1B28B30}.Release|Any CPU.Build.0 = Release|Any CPU
	EndGlobalSection
	GlobalSection(SolutionProperties) = preSolution
		HideSolutionNode = FALSE
	EndGlobalSection
	GlobalSection(ExtensibilityGlobals) = postSolution
		SolutionGuid = {330250F0-B853-4BB9-9AB1-BB01FD65328A}
	EndGlobalSection
EndGlobal
